// !$*UTF8*$!
{
	archiveVersion = 1;
	classes = {
	};
	objectVersion = 50;
	objects = {

/* Begin PBXBuildFile section */
		F834D8DB21FD489400D65C06 /* AppDelegate.swift in Sources */ = {isa = PBXBuildFile; fileRef = F834D8DA21FD489400D65C06 /* AppDelegate.swift */; };
		F834D8DD21FD489400D65C06 /* EntryDetailViewController.swift in Sources */ = {isa = PBXBuildFile; fileRef = F834D8DC21FD489400D65C06 /* EntryDetailViewController.swift */; };
		F834D8E021FD489400D65C06 /* Main.storyboard in Resources */ = {isa = PBXBuildFile; fileRef = F834D8DE21FD489400D65C06 /* Main.storyboard */; };
		F834D8E221FD489500D65C06 /* Assets.xcassets in Resources */ = {isa = PBXBuildFile; fileRef = F834D8E121FD489500D65C06 /* Assets.xcassets */; };
		F834D8E521FD489500D65C06 /* LaunchScreen.storyboard in Resources */ = {isa = PBXBuildFile; fileRef = F834D8E321FD489500D65C06 /* LaunchScreen.storyboard */; };
		F834D8EF21FEF06A00D65C06 /* EntriesTableViewController.swift in Sources */ = {isa = PBXBuildFile; fileRef = F834D8EE21FEF06A00D65C06 /* EntriesTableViewController.swift */; };
		F834D8F221FEF11200D65C06 /* EntryTableViewCell.swift in Sources */ = {isa = PBXBuildFile; fileRef = F834D8F121FEF11200D65C06 /* EntryTableViewCell.swift */; };
		F834D8F421FEF49000D65C06 /* Entry.swift in Sources */ = {isa = PBXBuildFile; fileRef = F834D8F321FEF49000D65C06 /* Entry.swift */; };
/* End PBXBuildFile section */

/* Begin PBXFileReference section */
		F834D8D721FD489400D65C06 /* Journal - Firebase.app */ = {isa = PBXFileReference; explicitFileType = wrapper.application; includeInIndex = 0; path = "Journal - Firebase.app"; sourceTree = BUILT_PRODUCTS_DIR; };
		F834D8DA21FD489400D65C06 /* AppDelegate.swift */ = {isa = PBXFileReference; lastKnownFileType = sourcecode.swift; path = AppDelegate.swift; sourceTree = "<group>"; };
		F834D8DC21FD489400D65C06 /* EntryDetailViewController.swift */ = {isa = PBXFileReference; lastKnownFileType = sourcecode.swift; path = EntryDetailViewController.swift; sourceTree = "<group>"; };
		F834D8DF21FD489400D65C06 /* Base */ = {isa = PBXFileReference; lastKnownFileType = file.storyboard; name = Base; path = Base.lproj/Main.storyboard; sourceTree = "<group>"; };
		F834D8E121FD489500D65C06 /* Assets.xcassets */ = {isa = PBXFileReference; lastKnownFileType = folder.assetcatalog; path = Assets.xcassets; sourceTree = "<group>"; };
		F834D8E421FD489500D65C06 /* Base */ = {isa = PBXFileReference; lastKnownFileType = file.storyboard; name = Base; path = Base.lproj/LaunchScreen.storyboard; sourceTree = "<group>"; };
		F834D8E621FD489500D65C06 /* Info.plist */ = {isa = PBXFileReference; lastKnownFileType = text.plist.xml; path = Info.plist; sourceTree = "<group>"; };
		F834D8ED21FEEF9400D65C06 /* String Tracker.md */ = {isa = PBXFileReference; lastKnownFileType = net.daringfireball.markdown; path = "String Tracker.md"; sourceTree = "<group>"; };
		F834D8EE21FEF06A00D65C06 /* EntriesTableViewController.swift */ = {isa = PBXFileReference; lastKnownFileType = sourcecode.swift; path = EntriesTableViewController.swift; sourceTree = "<group>"; };
		F834D8F121FEF11200D65C06 /* EntryTableViewCell.swift */ = {isa = PBXFileReference; lastKnownFileType = sourcecode.swift; path = EntryTableViewCell.swift; sourceTree = "<group>"; };
		F834D8F321FEF49000D65C06 /* Entry.swift */ = {isa = PBXFileReference; lastKnownFileType = sourcecode.swift; path = Entry.swift; sourceTree = "<group>"; };
/* End PBXFileReference section */

/* Begin PBXFrameworksBuildPhase section */
		F834D8D421FD489400D65C06 /* Frameworks */ = {
			isa = PBXFrameworksBuildPhase;
			buildActionMask = 2147483647;
			files = (
			);
			runOnlyForDeploymentPostprocessing = 0;
		};
/* End PBXFrameworksBuildPhase section */

/* Begin PBXGroup section */
		F834D8CE21FD489400D65C06 = {
			isa = PBXGroup;
			children = (
				F834D8D921FD489400D65C06 /* Journal - Firebase */,
				F834D8D821FD489400D65C06 /* Products */,
			);
			sourceTree = "<group>";
		};
		F834D8D821FD489400D65C06 /* Products */ = {
			isa = PBXGroup;
			children = (
				F834D8D721FD489400D65C06 /* Journal - Firebase.app */,
			);
			name = Products;
			sourceTree = "<group>";
		};
		F834D8D921FD489400D65C06 /* Journal - Firebase */ = {
			isa = PBXGroup;
			children = (
				F834D8EC21FD48B900D65C06 /* Set and Forget */,
				F834D8F021FEF07700D65C06 /* View Controllers */,
				F834D8DE21FD489400D65C06 /* Main.storyboard */,
				F834D8ED21FEEF9400D65C06 /* String Tracker.md */,
				F834D8F321FEF49000D65C06 /* Entry.swift */,
			);
			path = "Journal - Firebase";
			sourceTree = "<group>";
		};
		F834D8EC21FD48B900D65C06 /* Set and Forget */ = {
			isa = PBXGroup;
			children = (
				F834D8DA21FD489400D65C06 /* AppDelegate.swift */,
				F834D8E121FD489500D65C06 /* Assets.xcassets */,
				F834D8E321FD489500D65C06 /* LaunchScreen.storyboard */,
				F834D8E621FD489500D65C06 /* Info.plist */,
			);
			path = "Set and Forget";
			sourceTree = "<group>";
		};
		F834D8F021FEF07700D65C06 /* View Controllers */ = {
			isa = PBXGroup;
			children = (
				F834D8DC21FD489400D65C06 /* EntryDetailViewController.swift */,
				F834D8EE21FEF06A00D65C06 /* EntriesTableViewController.swift */,
				F834D8F121FEF11200D65C06 /* EntryTableViewCell.swift */,
			);
			path = "View Controllers";
			sourceTree = "<group>";
		};
/* End PBXGroup section */

/* Begin PBXNativeTarget section */
		F834D8D621FD489400D65C06 /* Journal - Firebase */ = {
			isa = PBXNativeTarget;
			buildConfigurationList = F834D8E921FD489500D65C06 /* Build configuration list for PBXNativeTarget "Journal - Firebase" */;
			buildPhases = (
				F834D8D321FD489400D65C06 /* Sources */,
				F834D8D421FD489400D65C06 /* Frameworks */,
				F834D8D521FD489400D65C06 /* Resources */,
			);
			buildRules = (
			);
			dependencies = (
			);
			name = "Journal - Firebase";
			productName = "Journal - Firebase";
			productReference = F834D8D721FD489400D65C06 /* Journal - Firebase.app */;
			productType = "com.apple.product-type.application";
		};
/* End PBXNativeTarget section */

/* Begin PBXProject section */
		F834D8CF21FD489400D65C06 /* Project object */ = {
			isa = PBXProject;
			attributes = {
				LastSwiftUpdateCheck = 1010;
				LastUpgradeCheck = 1010;
				ORGANIZATIONNAME = "Jaspal Suri";
				TargetAttributes = {
					F834D8D621FD489400D65C06 = {
						CreatedOnToolsVersion = 10.1;
					};
				};
			};
			buildConfigurationList = F834D8D221FD489400D65C06 /* Build configuration list for PBXProject "Journal - Firebase" */;
			compatibilityVersion = "Xcode 9.3";
			developmentRegion = en;
			hasScannedForEncodings = 0;
			knownRegions = (
				en,
				Base,
			);
			mainGroup = F834D8CE21FD489400D65C06;
			productRefGroup = F834D8D821FD489400D65C06 /* Products */;
			projectDirPath = "";
			projectRoot = "";
			targets = (
				F834D8D621FD489400D65C06 /* Journal - Firebase */,
			);
		};
/* End PBXProject section */

/* Begin PBXResourcesBuildPhase section */
		F834D8D521FD489400D65C06 /* Resources */ = {
			isa = PBXResourcesBuildPhase;
			buildActionMask = 2147483647;
			files = (
				F834D8E521FD489500D65C06 /* LaunchScreen.storyboard in Resources */,
				F834D8E221FD489500D65C06 /* Assets.xcassets in Resources */,
				F834D8E021FD489400D65C06 /* Main.storyboard in Resources */,
			);
			runOnlyForDeploymentPostprocessing = 0;
		};
/* End PBXResourcesBuildPhase section */

/* Begin PBXSourcesBuildPhase section */
		F834D8D321FD489400D65C06 /* Sources */ = {
			isa = PBXSourcesBuildPhase;
			buildActionMask = 2147483647;
			files = (
				F834D8F421FEF49000D65C06 /* Entry.swift in Sources */,
				F834D8F221FEF11200D65C06 /* EntryTableViewCell.swift in Sources */,
				F834D8EF21FEF06A00D65C06 /* EntriesTableViewController.swift in Sources */,
				F834D8DD21FD489400D65C06 /* EntryDetailViewController.swift in Sources */,
				F834D8DB21FD489400D65C06 /* AppDelegate.swift in Sources */,
			);
			runOnlyForDeploymentPostprocessing = 0;
		};
/* End PBXSourcesBuildPhase section */

/* Begin PBXVariantGroup section */
		F834D8DE21FD489400D65C06 /* Main.storyboard */ = {
			isa = PBXVariantGroup;
			children = (
				F834D8DF21FD489400D65C06 /* Base */,
			);
			name = Main.storyboard;
			sourceTree = "<group>";
		};
		F834D8E321FD489500D65C06 /* LaunchScreen.storyboard */ = {
			isa = PBXVariantGroup;
			children = (
				F834D8E421FD489500D65C06 /* Base */,
			);
			name = LaunchScreen.storyboard;
			sourceTree = "<group>";
		};
/* End PBXVariantGroup section */

/* Begin XCBuildConfiguration section */
		F834D8E721FD489500D65C06 /* Debug */ = {
			isa = XCBuildConfiguration;
			buildSettings = {
				ALWAYS_SEARCH_USER_PATHS = NO;
				CLANG_ANALYZER_NONNULL = YES;
				CLANG_ANALYZER_NUMBER_OBJECT_CONVERSION = YES_AGGRESSIVE;
				CLANG_CXX_LANGUAGE_STANDARD = "gnu++14";
				CLANG_CXX_LIBRARY = "libc++";
				CLANG_ENABLE_MODULES = YES;
				CLANG_ENABLE_OBJC_ARC = YES;
				CLANG_ENABLE_OBJC_WEAK = YES;
				CLANG_WARN_BLOCK_CAPTURE_AUTORELEASING = YES;
				CLANG_WARN_BOOL_CONVERSION = YES;
				CLANG_WARN_COMMA = YES;
				CLANG_WARN_CONSTANT_CONVERSION = YES;
				CLANG_WARN_DEPRECATED_OBJC_IMPLEMENTATIONS = YES;
				CLANG_WARN_DIRECT_OBJC_ISA_USAGE = YES_ERROR;
				CLANG_WARN_DOCUMENTATION_COMMENTS = YES;
				CLANG_WARN_EMPTY_BODY = YES;
				CLANG_WARN_ENUM_CONVERSION = YES;
				CLANG_WARN_INFINITE_RECURSION = YES;
				CLANG_WARN_INT_CONVERSION = YES;
				CLANG_WARN_NON_LITERAL_NULL_CONVERSION = YES;
				CLANG_WARN_OBJC_IMPLICIT_RETAIN_SELF = YES;
				CLANG_WARN_OBJC_LITERAL_CONVERSION = YES;
				CLANG_WARN_OBJC_ROOT_CLASS = YES_ERROR;
				CLANG_WARN_RANGE_LOOP_ANALYSIS = YES;
				CLANG_WARN_STRICT_PROTOTYPES = YES;
				CLANG_WARN_SUSPICIOUS_MOVE = YES;
				CLANG_WARN_UNGUARDED_AVAILABILITY = YES_AGGRESSIVE;
				CLANG_WARN_UNREACHABLE_CODE = YES;
				CLANG_WARN__DUPLICATE_METHOD_MATCH = YES;
				CODE_SIGN_IDENTITY = "iPhone Developer";
				COPY_PHASE_STRIP = NO;
				DEBUG_INFORMATION_FORMAT = dwarf;
				ENABLE_STRICT_OBJC_MSGSEND = YES;
				ENABLE_TESTABILITY = YES;
				GCC_C_LANGUAGE_STANDARD = gnu11;
				GCC_DYNAMIC_NO_PIC = NO;
				GCC_NO_COMMON_BLOCKS = YES;
				GCC_OPTIMIZATION_LEVEL = 0;
				GCC_PREPROCESSOR_DEFINITIONS = (
					"DEBUG=1",
					"$(inherited)",
				);
				GCC_WARN_64_TO_32_BIT_CONVERSION = YES;
				GCC_WARN_ABOUT_RETURN_TYPE = YES_ERROR;
				GCC_WARN_UNDECLARED_SELECTOR = YES;
				GCC_WARN_UNINITIALIZED_AUTOS = YES_AGGRESSIVE;
				GCC_WARN_UNUSED_FUNCTION = YES;
				GCC_WARN_UNUSED_VARIABLE = YES;
				IPHONEOS_DEPLOYMENT_TARGET = 12.1;
				MTL_ENABLE_DEBUG_INFO = INCLUDE_SOURCE;
				MTL_FAST_MATH = YES;
				ONLY_ACTIVE_ARCH = YES;
				SDKROOT = iphoneos;
				SWIFT_ACTIVE_COMPILATION_CONDITIONS = DEBUG;
				SWIFT_OPTIMIZATION_LEVEL = "-Onone";
			};
			name = Debug;
		};
		F834D8E821FD489500D65C06 /* Release */ = {
			isa = XCBuildConfiguration;
			buildSettings = {
				ALWAYS_SEARCH_USER_PATHS = NO;
				CLANG_ANALYZER_NONNULL = YES;
				CLANG_ANALYZER_NUMBER_OBJECT_CONVERSION = YES_AGGRESSIVE;
				CLANG_CXX_LANGUAGE_STANDARD = "gnu++14";
				CLANG_CXX_LIBRARY = "libc++";
				CLANG_ENABLE_MODULES = YES;
				CLANG_ENABLE_OBJC_ARC = YES;
				CLANG_ENABLE_OBJC_WEAK = YES;
				CLANG_WARN_BLOCK_CAPTURE_AUTORELEASING = YES;
				CLANG_WARN_BOOL_CONVERSION = YES;
				CLANG_WARN_COMMA = YES;
				CLANG_WARN_CONSTANT_CONVERSION = YES;
				CLANG_WARN_DEPRECATED_OBJC_IMPLEMENTATIONS = YES;
				CLANG_WARN_DIRECT_OBJC_ISA_USAGE = YES_ERROR;
				CLANG_WARN_DOCUMENTATION_COMMENTS = YES;
				CLANG_WARN_EMPTY_BODY = YES;
				CLANG_WARN_ENUM_CONVERSION = YES;
				CLANG_WARN_INFINITE_RECURSION = YES;
				CLANG_WARN_INT_CONVERSION = YES;
				CLANG_WARN_NON_LITERAL_NULL_CONVERSION = YES;
				CLANG_WARN_OBJC_IMPLICIT_RETAIN_SELF = YES;
				CLANG_WARN_OBJC_LITERAL_CONVERSION = YES;
				CLANG_WARN_OBJC_ROOT_CLASS = YES_ERROR;
				CLANG_WARN_RANGE_LOOP_ANALYSIS = YES;
				CLANG_WARN_STRICT_PROTOTYPES = YES;
				CLANG_WARN_SUSPICIOUS_MOVE = YES;
				CLANG_WARN_UNGUARDED_AVAILABILITY = YES_AGGRESSIVE;
				CLANG_WARN_UNREACHABLE_CODE = YES;
				CLANG_WARN__DUPLICATE_METHOD_MATCH = YES;
				CODE_SIGN_IDENTITY = "iPhone Developer";
				COPY_PHASE_STRIP = NO;
				DEBUG_INFORMATION_FORMAT = "dwarf-with-dsym";
				ENABLE_NS_ASSERTIONS = NO;
				ENABLE_STRICT_OBJC_MSGSEND = YES;
				GCC_C_LANGUAGE_STANDARD = gnu11;
				GCC_NO_COMMON_BLOCKS = YES;
				GCC_WARN_64_TO_32_BIT_CONVERSION = YES;
				GCC_WARN_ABOUT_RETURN_TYPE = YES_ERROR;
				GCC_WARN_UNDECLARED_SELECTOR = YES;
				GCC_WARN_UNINITIALIZED_AUTOS = YES_AGGRESSIVE;
				GCC_WARN_UNUSED_FUNCTION = YES;
				GCC_WARN_UNUSED_VARIABLE = YES;
				IPHONEOS_DEPLOYMENT_TARGET = 12.1;
				MTL_ENABLE_DEBUG_INFO = NO;
				MTL_FAST_MATH = YES;
				SDKROOT = iphoneos;
				SWIFT_COMPILATION_MODE = wholemodule;
				SWIFT_OPTIMIZATION_LEVEL = "-O";
				VALIDATE_PRODUCT = YES;
			};
			name = Release;
		};
		F834D8EA21FD489500D65C06 /* Debug */ = {
			isa = XCBuildConfiguration;
			buildSettings = {
				ASSETCATALOG_COMPILER_APPICON_NAME = AppIcon;
				CODE_SIGN_STYLE = Automatic;
				DEVELOPMENT_TEAM = 6Y6994DAGM;
				INFOPLIST_FILE = "$(SRCROOT)/Journal - Firebase/Set and Forget/Info.plist";
				LD_RUNPATH_SEARCH_PATHS = (
					"$(inherited)",
					"@executable_path/Frameworks",
				);
				PRODUCT_BUNDLE_IDENTIFIER = "com.JaspalSuri.Journal---Firebase";
				PRODUCT_NAME = "$(TARGET_NAME)";
				SWIFT_VERSION = 4.2;
				TARGETED_DEVICE_FAMILY = "1,2";
			};
			name = Debug;
		};
		F834D8EB21FD489500D65C06 /* Release */ = {
			isa = XCBuildConfiguration;
			buildSettings = {
				ASSETCATALOG_COMPILER_APPICON_NAME = AppIcon;
				CODE_SIGN_STYLE = Automatic;
				DEVELOPMENT_TEAM = 6Y6994DAGM;
				INFOPLIST_FILE = "$(SRCROOT)/Journal - Firebase/Set and Forget/Info.plist";
				LD_RUNPATH_SEARCH_PATHS = (
					"$(inherited)",
					"@executable_path/Frameworks",
				);
				PRODUCT_BUNDLE_IDENTIFIER = "com.JaspalSuri.Journal---Firebase";
				PRODUCT_NAME = "$(TARGET_NAME)";
				SWIFT_VERSION = 4.2;
				TARGETED_DEVICE_FAMILY = "1,2";
			};
			name = Release;
		};
/* End XCBuildConfiguration section */

/* Begin XCConfigurationList section */
		F834D8D221FD489400D65C06 /* Build configuration list for PBXProject "Journal - Firebase" */ = {
			isa = XCConfigurationList;
			buildConfigurations = (
				F834D8E721FD489500D65C06 /* Debug */,
				F834D8E821FD489500D65C06 /* Release */,
			);
			defaultConfigurationIsVisible = 0;
			defaultConfigurationName = Release;
		};
		F834D8E921FD489500D65C06 /* Build configuration list for PBXNativeTarget "Journal - Firebase" */ = {
			isa = XCConfigurationList;
			buildConfigurations = (
				F834D8EA21FD489500D65C06 /* Debug */,
				F834D8EB21FD489500D65C06 /* Release */,
			);
			defaultConfigurationIsVisible = 0;
			defaultConfigurationName = Release;
		};
/* End XCConfigurationList section */
	};
	rootObject = F834D8CF21FD489400D65C06 /* Project object */;
}
