// !$*UTF8*$!
{
	archiveVersion = 1;
	classes = {
	};
	objectVersion = 50;
	objects = {

/* Begin PBXBuildFile section */
		FF10CD062125C81D007AC657 /* AppDelegate.swift in Sources */ = {isa = PBXBuildFile; fileRef = FF10CD052125C81D007AC657 /* AppDelegate.swift */; };
		FF10CD0B2125C81D007AC657 /* Main.storyboard in Resources */ = {isa = PBXBuildFile; fileRef = FF10CD092125C81D007AC657 /* Main.storyboard */; };
		FF10CD0D2125C81E007AC657 /* Assets.xcassets in Resources */ = {isa = PBXBuildFile; fileRef = FF10CD0C2125C81E007AC657 /* Assets.xcassets */; };
		FF10CD102125C81E007AC657 /* LaunchScreen.storyboard in Resources */ = {isa = PBXBuildFile; fileRef = FF10CD0E2125C81E007AC657 /* LaunchScreen.storyboard */; };
		FF10CD1D2125DFBD007AC657 /* EntriesTableViewController.swift in Sources */ = {isa = PBXBuildFile; fileRef = FF10CD1C2125DFBD007AC657 /* EntriesTableViewController.swift */; };
		FF10CD1F2125E04B007AC657 /* EntryTableViewCell.swift in Sources */ = {isa = PBXBuildFile; fileRef = FF10CD1E2125E04B007AC657 /* EntryTableViewCell.swift */; };
		FF10CD212125E2EB007AC657 /* EntryDetailViewController.swift in Sources */ = {isa = PBXBuildFile; fileRef = FF10CD202125E2EB007AC657 /* EntryDetailViewController.swift */; };
		FF10CD232125E420007AC657 /* Entry.swift in Sources */ = {isa = PBXBuildFile; fileRef = FF10CD222125E420007AC657 /* Entry.swift */; };
/* End PBXBuildFile section */

/* Begin PBXFileReference section */
		FF10CD022125C81D007AC657 /* Journal.app */ = {isa = PBXFileReference; explicitFileType = wrapper.application; includeInIndex = 0; path = Journal.app; sourceTree = BUILT_PRODUCTS_DIR; };
		FF10CD052125C81D007AC657 /* AppDelegate.swift */ = {isa = PBXFileReference; lastKnownFileType = sourcecode.swift; path = AppDelegate.swift; sourceTree = "<group>"; };
		FF10CD0A2125C81D007AC657 /* Base */ = {isa = PBXFileReference; lastKnownFileType = file.storyboard; name = Base; path = Base.lproj/Main.storyboard; sourceTree = "<group>"; };
		FF10CD0C2125C81E007AC657 /* Assets.xcassets */ = {isa = PBXFileReference; lastKnownFileType = folder.assetcatalog; path = Assets.xcassets; sourceTree = "<group>"; };
		FF10CD0F2125C81E007AC657 /* Base */ = {isa = PBXFileReference; lastKnownFileType = file.storyboard; name = Base; path = Base.lproj/LaunchScreen.storyboard; sourceTree = "<group>"; };
		FF10CD112125C81E007AC657 /* Info.plist */ = {isa = PBXFileReference; lastKnownFileType = text.plist.xml; path = Info.plist; sourceTree = "<group>"; };
		FF10CD1C2125DFBD007AC657 /* EntriesTableViewController.swift */ = {isa = PBXFileReference; lastKnownFileType = sourcecode.swift; path = EntriesTableViewController.swift; sourceTree = "<group>"; };
		FF10CD1E2125E04B007AC657 /* EntryTableViewCell.swift */ = {isa = PBXFileReference; lastKnownFileType = sourcecode.swift; path = EntryTableViewCell.swift; sourceTree = "<group>"; };
		FF10CD202125E2EB007AC657 /* EntryDetailViewController.swift */ = {isa = PBXFileReference; lastKnownFileType = sourcecode.swift; path = EntryDetailViewController.swift; sourceTree = "<group>"; };
		FF10CD222125E420007AC657 /* Entry.swift */ = {isa = PBXFileReference; lastKnownFileType = sourcecode.swift; path = Entry.swift; sourceTree = "<group>"; };
/* End PBXFileReference section */

/* Begin PBXFrameworksBuildPhase section */
		FF10CCFF2125C81D007AC657 /* Frameworks */ = {
			isa = PBXFrameworksBuildPhase;
			buildActionMask = 2147483647;
			files = (
			);
			runOnlyForDeploymentPostprocessing = 0;
		};
/* End PBXFrameworksBuildPhase section */

/* Begin PBXGroup section */
		FF10CCF92125C81D007AC657 = {
			isa = PBXGroup;
			children = (
				FF10CD042125C81D007AC657 /* Journal */,
				FF10CD032125C81D007AC657 /* Products */,
			);
			sourceTree = "<group>";
		};
		FF10CD032125C81D007AC657 /* Products */ = {
			isa = PBXGroup;
			children = (
				FF10CD022125C81D007AC657 /* Journal.app */,
			);
			name = Products;
			sourceTree = "<group>";
		};
		FF10CD042125C81D007AC657 /* Journal */ = {
			isa = PBXGroup;
			children = (
				FF10CD1A2125DC00007AC657 /* Model */,
				FF10CD192125DBF8007AC657 /* Model Controllers */,
				FF10CD1B2125DC06007AC657 /* Views */,
				FF10CD182125DBEF007AC657 /* View Controllers */,
				FF10CD172125DBE3007AC657 /* Storyboards */,
				FF10CD052125C81D007AC657 /* AppDelegate.swift */,
				FF10CD0C2125C81E007AC657 /* Assets.xcassets */,
				FF10CD112125C81E007AC657 /* Info.plist */,
			);
			path = Journal;
			sourceTree = "<group>";
		};
		FF10CD172125DBE3007AC657 /* Storyboards */ = {
			isa = PBXGroup;
			children = (
				FF10CD092125C81D007AC657 /* Main.storyboard */,
				FF10CD0E2125C81E007AC657 /* LaunchScreen.storyboard */,
			);
			path = Storyboards;
			sourceTree = "<group>";
		};
		FF10CD182125DBEF007AC657 /* View Controllers */ = {
			isa = PBXGroup;
			children = (
				FF10CD1C2125DFBD007AC657 /* EntriesTableViewController.swift */,
				FF10CD202125E2EB007AC657 /* EntryDetailViewController.swift */,
			);
			path = "View Controllers";
			sourceTree = "<group>";
		};
		FF10CD192125DBF8007AC657 /* Model Controllers */ = {
			isa = PBXGroup;
			children = (
			);
			path = "Model Controllers";
			sourceTree = "<group>";
		};
		FF10CD1A2125DC00007AC657 /* Model */ = {
			isa = PBXGroup;
			children = (
				FF10CD222125E420007AC657 /* Entry.swift */,
			);
			path = Model;
			sourceTree = "<group>";
		};
		FF10CD1B2125DC06007AC657 /* Views */ = {
			isa = PBXGroup;
			children = (
				FF10CD1E2125E04B007AC657 /* EntryTableViewCell.swift */,
			);
			path = Views;
			sourceTree = "<group>";
		};
/* End PBXGroup section */

/* Begin PBXNativeTarget section */
		FF10CD012125C81D007AC657 /* Journal */ = {
			isa = PBXNativeTarget;
			buildConfigurationList = FF10CD142125C81E007AC657 /* Build configuration list for PBXNativeTarget "Journal" */;
			buildPhases = (
				FF10CCFE2125C81D007AC657 /* Sources */,
				FF10CCFF2125C81D007AC657 /* Frameworks */,
				FF10CD002125C81D007AC657 /* Resources */,
			);
			buildRules = (
			);
			dependencies = (
			);
			name = Journal;
			productName = Journal;
			productReference = FF10CD022125C81D007AC657 /* Journal.app */;
			productType = "com.apple.product-type.application";
		};
/* End PBXNativeTarget section */

/* Begin PBXProject section */
		FF10CCFA2125C81D007AC657 /* Project object */ = {
			isa = PBXProject;
			attributes = {
				LastSwiftUpdateCheck = 0940;
				LastUpgradeCheck = 0940;
				ORGANIZATIONNAME = "Lisa Sampson";
				TargetAttributes = {
					FF10CD012125C81D007AC657 = {
						CreatedOnToolsVersion = 9.4.1;
					};
				};
			};
			buildConfigurationList = FF10CCFD2125C81D007AC657 /* Build configuration list for PBXProject "Journal" */;
			compatibilityVersion = "Xcode 9.3";
			developmentRegion = en;
			hasScannedForEncodings = 0;
			knownRegions = (
				en,
				Base,
			);
			mainGroup = FF10CCF92125C81D007AC657;
			productRefGroup = FF10CD032125C81D007AC657 /* Products */;
			projectDirPath = "";
			projectRoot = "";
			targets = (
				FF10CD012125C81D007AC657 /* Journal */,
			);
		};
/* End PBXProject section */

/* Begin PBXResourcesBuildPhase section */
		FF10CD002125C81D007AC657 /* Resources */ = {
			isa = PBXResourcesBuildPhase;
			buildActionMask = 2147483647;
			files = (
				FF10CD102125C81E007AC657 /* LaunchScreen.storyboard in Resources */,
				FF10CD0D2125C81E007AC657 /* Assets.xcassets in Resources */,
				FF10CD0B2125C81D007AC657 /* Main.storyboard in Resources */,
			);
			runOnlyForDeploymentPostprocessing = 0;
		};
/* End PBXResourcesBuildPhase section */

/* Begin PBXSourcesBuildPhase section */
		FF10CCFE2125C81D007AC657 /* Sources */ = {
			isa = PBXSourcesBuildPhase;
			buildActionMask = 2147483647;
			files = (
				FF10CD232125E420007AC657 /* Entry.swift in Sources */,
				FF10CD1F2125E04B007AC657 /* EntryTableViewCell.swift in Sources */,
				FF10CD1D2125DFBD007AC657 /* EntriesTableViewController.swift in Sources */,
				FF10CD212125E2EB007AC657 /* EntryDetailViewController.swift in Sources */,
				FF10CD062125C81D007AC657 /* AppDelegate.swift in Sources */,
			);
			runOnlyForDeploymentPostprocessing = 0;
		};
/* End PBXSourcesBuildPhase section */

/* Begin PBXVariantGroup section */
		FF10CD092125C81D007AC657 /* Main.storyboard */ = {
			isa = PBXVariantGroup;
			children = (
				FF10CD0A2125C81D007AC657 /* Base */,
			);
			name = Main.storyboard;
			sourceTree = "<group>";
		};
		FF10CD0E2125C81E007AC657 /* LaunchScreen.storyboard */ = {
			isa = PBXVariantGroup;
			children = (
				FF10CD0F2125C81E007AC657 /* Base */,
			);
			name = LaunchScreen.storyboard;
			sourceTree = "<group>";
		};
/* End PBXVariantGroup section */

/* Begin XCBuildConfiguration section */
		FF10CD122125C81E007AC657 /* Debug */ = {
			isa = XCBuildConfiguration;
			buildSettings = {
				ALWAYS_SEARCH_USER_PATHS = NO;
				CLANG_ANALYZER_NONNULL = YES;
				CLANG_ANALYZER_NUMBER_OBJECT_CONVERSION = YES_AGGRESSIVE;
				CLANG_CXX_LANGUAGE_STANDARD = "gnu++14";
				CLANG_CXX_LIBRARY = "libc++";
				CLANG_ENABLE_MODULES = YES;
				CLANG_ENABLE_OBJC_ARC = YES;
				CLANG_ENABLE_OBJC_WEAK = YES;
				CLANG_WARN_BLOCK_CAPTURE_AUTORELEASING = YES;
				CLANG_WARN_BOOL_CONVERSION = YES;
				CLANG_WARN_COMMA = YES;
				CLANG_WARN_CONSTANT_CONVERSION = YES;
				CLANG_WARN_DEPRECATED_OBJC_IMPLEMENTATIONS = YES;
				CLANG_WARN_DIRECT_OBJC_ISA_USAGE = YES_ERROR;
				CLANG_WARN_DOCUMENTATION_COMMENTS = YES;
				CLANG_WARN_EMPTY_BODY = YES;
				CLANG_WARN_ENUM_CONVERSION = YES;
				CLANG_WARN_INFINITE_RECURSION = YES;
				CLANG_WARN_INT_CONVERSION = YES;
				CLANG_WARN_NON_LITERAL_NULL_CONVERSION = YES;
				CLANG_WARN_OBJC_IMPLICIT_RETAIN_SELF = YES;
				CLANG_WARN_OBJC_LITERAL_CONVERSION = YES;
				CLANG_WARN_OBJC_ROOT_CLASS = YES_ERROR;
				CLANG_WARN_RANGE_LOOP_ANALYSIS = YES;
				CLANG_WARN_STRICT_PROTOTYPES = YES;
				CLANG_WARN_SUSPICIOUS_MOVE = YES;
				CLANG_WARN_UNGUARDED_AVAILABILITY = YES_AGGRESSIVE;
				CLANG_WARN_UNREACHABLE_CODE = YES;
				CLANG_WARN__DUPLICATE_METHOD_MATCH = YES;
				CODE_SIGN_IDENTITY = "iPhone Developer";
				COPY_PHASE_STRIP = NO;
				DEBUG_INFORMATION_FORMAT = dwarf;
				ENABLE_STRICT_OBJC_MSGSEND = YES;
				ENABLE_TESTABILITY = YES;
				GCC_C_LANGUAGE_STANDARD = gnu11;
				GCC_DYNAMIC_NO_PIC = NO;
				GCC_NO_COMMON_BLOCKS = YES;
				GCC_OPTIMIZATION_LEVEL = 0;
				GCC_PREPROCESSOR_DEFINITIONS = (
					"DEBUG=1",
					"$(inherited)",
				);
				GCC_WARN_64_TO_32_BIT_CONVERSION = YES;
				GCC_WARN_ABOUT_RETURN_TYPE = YES_ERROR;
				GCC_WARN_UNDECLARED_SELECTOR = YES;
				GCC_WARN_UNINITIALIZED_AUTOS = YES_AGGRESSIVE;
				GCC_WARN_UNUSED_FUNCTION = YES;
				GCC_WARN_UNUSED_VARIABLE = YES;
				IPHONEOS_DEPLOYMENT_TARGET = 11.4;
				MTL_ENABLE_DEBUG_INFO = YES;
				ONLY_ACTIVE_ARCH = YES;
				SDKROOT = iphoneos;
				SWIFT_ACTIVE_COMPILATION_CONDITIONS = DEBUG;
				SWIFT_OPTIMIZATION_LEVEL = "-Onone";
			};
			name = Debug;
		};
		FF10CD132125C81E007AC657 /* Release */ = {
			isa = XCBuildConfiguration;
			buildSettings = {
				ALWAYS_SEARCH_USER_PATHS = NO;
				CLANG_ANALYZER_NONNULL = YES;
				CLANG_ANALYZER_NUMBER_OBJECT_CONVERSION = YES_AGGRESSIVE;
				CLANG_CXX_LANGUAGE_STANDARD = "gnu++14";
				CLANG_CXX_LIBRARY = "libc++";
				CLANG_ENABLE_MODULES = YES;
				CLANG_ENABLE_OBJC_ARC = YES;
				CLANG_ENABLE_OBJC_WEAK = YES;
				CLANG_WARN_BLOCK_CAPTURE_AUTORELEASING = YES;
				CLANG_WARN_BOOL_CONVERSION = YES;
				CLANG_WARN_COMMA = YES;
				CLANG_WARN_CONSTANT_CONVERSION = YES;
				CLANG_WARN_DEPRECATED_OBJC_IMPLEMENTATIONS = YES;
				CLANG_WARN_DIRECT_OBJC_ISA_USAGE = YES_ERROR;
				CLANG_WARN_DOCUMENTATION_COMMENTS = YES;
				CLANG_WARN_EMPTY_BODY = YES;
				CLANG_WARN_ENUM_CONVERSION = YES;
				CLANG_WARN_INFINITE_RECURSION = YES;
				CLANG_WARN_INT_CONVERSION = YES;
				CLANG_WARN_NON_LITERAL_NULL_CONVERSION = YES;
				CLANG_WARN_OBJC_IMPLICIT_RETAIN_SELF = YES;
				CLANG_WARN_OBJC_LITERAL_CONVERSION = YES;
				CLANG_WARN_OBJC_ROOT_CLASS = YES_ERROR;
				CLANG_WARN_RANGE_LOOP_ANALYSIS = YES;
				CLANG_WARN_STRICT_PROTOTYPES = YES;
				CLANG_WARN_SUSPICIOUS_MOVE = YES;
				CLANG_WARN_UNGUARDED_AVAILABILITY = YES_AGGRESSIVE;
				CLANG_WARN_UNREACHABLE_CODE = YES;
				CLANG_WARN__DUPLICATE_METHOD_MATCH = YES;
				CODE_SIGN_IDENTITY = "iPhone Developer";
				COPY_PHASE_STRIP = NO;
				DEBUG_INFORMATION_FORMAT = "dwarf-with-dsym";
				ENABLE_NS_ASSERTIONS = NO;
				ENABLE_STRICT_OBJC_MSGSEND = YES;
				GCC_C_LANGUAGE_STANDARD = gnu11;
				GCC_NO_COMMON_BLOCKS = YES;
				GCC_WARN_64_TO_32_BIT_CONVERSION = YES;
				GCC_WARN_ABOUT_RETURN_TYPE = YES_ERROR;
				GCC_WARN_UNDECLARED_SELECTOR = YES;
				GCC_WARN_UNINITIALIZED_AUTOS = YES_AGGRESSIVE;
				GCC_WARN_UNUSED_FUNCTION = YES;
				GCC_WARN_UNUSED_VARIABLE = YES;
				IPHONEOS_DEPLOYMENT_TARGET = 11.4;
				MTL_ENABLE_DEBUG_INFO = NO;
				SDKROOT = iphoneos;
				SWIFT_COMPILATION_MODE = wholemodule;
				SWIFT_OPTIMIZATION_LEVEL = "-O";
				VALIDATE_PRODUCT = YES;
			};
			name = Release;
		};
		FF10CD152125C81E007AC657 /* Debug */ = {
			isa = XCBuildConfiguration;
			buildSettings = {
				ASSETCATALOG_COMPILER_APPICON_NAME = AppIcon;
				CODE_SIGN_STYLE = Automatic;
				INFOPLIST_FILE = Journal/Info.plist;
				LD_RUNPATH_SEARCH_PATHS = (
					"$(inherited)",
					"@executable_path/Frameworks",
				);
				PRODUCT_BUNDLE_IDENTIFIER = com.lisasampson.Journal;
				PRODUCT_NAME = "$(TARGET_NAME)";
				SWIFT_VERSION = 4.0;
				TARGETED_DEVICE_FAMILY = "1,2";
			};
			name = Debug;
		};
		FF10CD162125C81E007AC657 /* Release */ = {
			isa = XCBuildConfiguration;
			buildSettings = {
				ASSETCATALOG_COMPILER_APPICON_NAME = AppIcon;
				CODE_SIGN_STYLE = Automatic;
				INFOPLIST_FILE = Journal/Info.plist;
				LD_RUNPATH_SEARCH_PATHS = (
					"$(inherited)",
					"@executable_path/Frameworks",
				);
				PRODUCT_BUNDLE_IDENTIFIER = com.lisasampson.Journal;
				PRODUCT_NAME = "$(TARGET_NAME)";
				SWIFT_VERSION = 4.0;
				TARGETED_DEVICE_FAMILY = "1,2";
			};
			name = Release;
		};
/* End XCBuildConfiguration section */

/* Begin XCConfigurationList section */
		FF10CCFD2125C81D007AC657 /* Build configuration list for PBXProject "Journal" */ = {
			isa = XCConfigurationList;
			buildConfigurations = (
				FF10CD122125C81E007AC657 /* Debug */,
				FF10CD132125C81E007AC657 /* Release */,
			);
			defaultConfigurationIsVisible = 0;
			defaultConfigurationName = Release;
		};
		FF10CD142125C81E007AC657 /* Build configuration list for PBXNativeTarget "Journal" */ = {
			isa = XCConfigurationList;
			buildConfigurations = (
				FF10CD152125C81E007AC657 /* Debug */,
				FF10CD162125C81E007AC657 /* Release */,
			);
			defaultConfigurationIsVisible = 0;
			defaultConfigurationName = Release;
		};
/* End XCConfigurationList section */
	};
	rootObject = FF10CCFA2125C81D007AC657 /* Project object */;
}
