// !$*UTF8*$!
{
	archiveVersion = 1;
	classes = {
	};
	objectVersion = 50;
	objects = {

/* Begin PBXBuildFile section */
		39C8C8B3211CA02D00ED7719 /* AppDelegate.swift in Sources */ = {isa = PBXBuildFile; fileRef = 39C8C8B2211CA02D00ED7719 /* AppDelegate.swift */; };
		39C8C8B8211CA02D00ED7719 /* Main.storyboard in Resources */ = {isa = PBXBuildFile; fileRef = 39C8C8B6211CA02D00ED7719 /* Main.storyboard */; };
		39C8C8BA211CA02E00ED7719 /* Assets.xcassets in Resources */ = {isa = PBXBuildFile; fileRef = 39C8C8B9211CA02E00ED7719 /* Assets.xcassets */; };
		39C8C8BD211CA02E00ED7719 /* LaunchScreen.storyboard in Resources */ = {isa = PBXBuildFile; fileRef = 39C8C8BB211CA02E00ED7719 /* LaunchScreen.storyboard */; };
		39C8C8C7211CB98100ED7719 /* EntriesTableViewController.swift in Sources */ = {isa = PBXBuildFile; fileRef = 39C8C8C6211CB98100ED7719 /* EntriesTableViewController.swift */; };
		39C8C8C9211CBB3E00ED7719 /* EntryTableViewCell.swift in Sources */ = {isa = PBXBuildFile; fileRef = 39C8C8C8211CBB3E00ED7719 /* EntryTableViewCell.swift */; };
		39C8C8CC211CBC9F00ED7719 /* EntryDetailViewController.swift in Sources */ = {isa = PBXBuildFile; fileRef = 39C8C8CB211CBC9F00ED7719 /* EntryDetailViewController.swift */; };
		39C8C8CE211CBDE700ED7719 /* Entry.swift in Sources */ = {isa = PBXBuildFile; fileRef = 39C8C8CD211CBDE700ED7719 /* Entry.swift */; };
		39C8C8D1211CBF6300ED7719 /* EntryController.swift in Sources */ = {isa = PBXBuildFile; fileRef = 39C8C8D0211CBF6300ED7719 /* EntryController.swift */; };
/* End PBXBuildFile section */

/* Begin PBXFileReference section */
		39C8C8AF211CA02D00ED7719 /* Journal.app */ = {isa = PBXFileReference; explicitFileType = wrapper.application; includeInIndex = 0; path = Journal.app; sourceTree = BUILT_PRODUCTS_DIR; };
		39C8C8B2211CA02D00ED7719 /* AppDelegate.swift */ = {isa = PBXFileReference; lastKnownFileType = sourcecode.swift; path = AppDelegate.swift; sourceTree = "<group>"; };
		39C8C8B7211CA02D00ED7719 /* Base */ = {isa = PBXFileReference; lastKnownFileType = file.storyboard; name = Base; path = Base.lproj/Main.storyboard; sourceTree = "<group>"; };
		39C8C8B9211CA02E00ED7719 /* Assets.xcassets */ = {isa = PBXFileReference; lastKnownFileType = folder.assetcatalog; path = Assets.xcassets; sourceTree = "<group>"; };
		39C8C8BC211CA02E00ED7719 /* Base */ = {isa = PBXFileReference; lastKnownFileType = file.storyboard; name = Base; path = Base.lproj/LaunchScreen.storyboard; sourceTree = "<group>"; };
		39C8C8BE211CA02E00ED7719 /* Info.plist */ = {isa = PBXFileReference; lastKnownFileType = text.plist.xml; path = Info.plist; sourceTree = "<group>"; };
		39C8C8C6211CB98100ED7719 /* EntriesTableViewController.swift */ = {isa = PBXFileReference; lastKnownFileType = sourcecode.swift; path = EntriesTableViewController.swift; sourceTree = "<group>"; };
		39C8C8C8211CBB3E00ED7719 /* EntryTableViewCell.swift */ = {isa = PBXFileReference; lastKnownFileType = sourcecode.swift; path = EntryTableViewCell.swift; sourceTree = "<group>"; };
		39C8C8CB211CBC9F00ED7719 /* EntryDetailViewController.swift */ = {isa = PBXFileReference; lastKnownFileType = sourcecode.swift; path = EntryDetailViewController.swift; sourceTree = "<group>"; };
		39C8C8CD211CBDE700ED7719 /* Entry.swift */ = {isa = PBXFileReference; lastKnownFileType = sourcecode.swift; path = Entry.swift; sourceTree = "<group>"; };
		39C8C8D0211CBF6300ED7719 /* EntryController.swift */ = {isa = PBXFileReference; lastKnownFileType = sourcecode.swift; path = EntryController.swift; sourceTree = "<group>"; };
/* End PBXFileReference section */

/* Begin PBXFrameworksBuildPhase section */
		39C8C8AC211CA02D00ED7719 /* Frameworks */ = {
			isa = PBXFrameworksBuildPhase;
			buildActionMask = 2147483647;
			files = (
			);
			runOnlyForDeploymentPostprocessing = 0;
		};
/* End PBXFrameworksBuildPhase section */

/* Begin PBXGroup section */
		39C8C8A6211CA02D00ED7719 = {
			isa = PBXGroup;
			children = (
				39C8C8B1211CA02D00ED7719 /* Journal */,
				39C8C8B0211CA02D00ED7719 /* Products */,
			);
			sourceTree = "<group>";
		};
		39C8C8B0211CA02D00ED7719 /* Products */ = {
			isa = PBXGroup;
			children = (
				39C8C8AF211CA02D00ED7719 /* Journal.app */,
			);
			name = Products;
			sourceTree = "<group>";
		};
		39C8C8B1211CA02D00ED7719 /* Journal */ = {
			isa = PBXGroup;
			children = (
				39C8C8B2211CA02D00ED7719 /* AppDelegate.swift */,
				39C8C8CF211CBDED00ED7719 /* Model */,
				39C8C8D2211CBF6600ED7719 /* Model Controllers */,
				39C8C8CA211CBB4100ED7719 /* Views */,
				39C8C8C5211CB2CF00ED7719 /* View Controllers */,
				39C8C8C4211CB2C600ED7719 /* Storyboards */,
				39C8C8B9211CA02E00ED7719 /* Assets.xcassets */,
				39C8C8BE211CA02E00ED7719 /* Info.plist */,
			);
			path = Journal;
			sourceTree = "<group>";
		};
		39C8C8C4211CB2C600ED7719 /* Storyboards */ = {
			isa = PBXGroup;
			children = (
				39C8C8B6211CA02D00ED7719 /* Main.storyboard */,
				39C8C8BB211CA02E00ED7719 /* LaunchScreen.storyboard */,
			);
			path = Storyboards;
			sourceTree = "<group>";
		};
		39C8C8C5211CB2CF00ED7719 /* View Controllers */ = {
			isa = PBXGroup;
			children = (
				39C8C8C6211CB98100ED7719 /* EntriesTableViewController.swift */,
				39C8C8CB211CBC9F00ED7719 /* EntryDetailViewController.swift */,
			);
			path = "View Controllers";
			sourceTree = "<group>";
		};
		39C8C8CA211CBB4100ED7719 /* Views */ = {
			isa = PBXGroup;
			children = (
				39C8C8C8211CBB3E00ED7719 /* EntryTableViewCell.swift */,
			);
			path = Views;
			sourceTree = "<group>";
		};
		39C8C8CF211CBDED00ED7719 /* Model */ = {
			isa = PBXGroup;
			children = (
				39C8C8CD211CBDE700ED7719 /* Entry.swift */,
			);
			path = Model;
			sourceTree = "<group>";
		};
		39C8C8D2211CBF6600ED7719 /* Model Controllers */ = {
			isa = PBXGroup;
			children = (
				39C8C8D0211CBF6300ED7719 /* EntryController.swift */,
			);
			path = "Model Controllers";
			sourceTree = "<group>";
		};
/* End PBXGroup section */

/* Begin PBXNativeTarget section */
		39C8C8AE211CA02D00ED7719 /* Journal */ = {
			isa = PBXNativeTarget;
			buildConfigurationList = 39C8C8C1211CA02E00ED7719 /* Build configuration list for PBXNativeTarget "Journal" */;
			buildPhases = (
				39C8C8AB211CA02D00ED7719 /* Sources */,
				39C8C8AC211CA02D00ED7719 /* Frameworks */,
				39C8C8AD211CA02D00ED7719 /* Resources */,
			);
			buildRules = (
			);
			dependencies = (
			);
			name = Journal;
			productName = Journal;
			productReference = 39C8C8AF211CA02D00ED7719 /* Journal.app */;
			productType = "com.apple.product-type.application";
		};
/* End PBXNativeTarget section */

/* Begin PBXProject section */
		39C8C8A7211CA02D00ED7719 /* Project object */ = {
			isa = PBXProject;
			attributes = {
				LastSwiftUpdateCheck = 0940;
				LastUpgradeCheck = 0940;
				ORGANIZATIONNAME = "Linh Bouniol";
				TargetAttributes = {
					39C8C8AE211CA02D00ED7719 = {
						CreatedOnToolsVersion = 9.4.1;
					};
				};
			};
			buildConfigurationList = 39C8C8AA211CA02D00ED7719 /* Build configuration list for PBXProject "Journal" */;
			compatibilityVersion = "Xcode 9.3";
			developmentRegion = en;
			hasScannedForEncodings = 0;
			knownRegions = (
				en,
				Base,
			);
			mainGroup = 39C8C8A6211CA02D00ED7719;
			productRefGroup = 39C8C8B0211CA02D00ED7719 /* Products */;
			projectDirPath = "";
			projectRoot = "";
			targets = (
				39C8C8AE211CA02D00ED7719 /* Journal */,
			);
		};
/* End PBXProject section */

/* Begin PBXResourcesBuildPhase section */
		39C8C8AD211CA02D00ED7719 /* Resources */ = {
			isa = PBXResourcesBuildPhase;
			buildActionMask = 2147483647;
			files = (
				39C8C8BD211CA02E00ED7719 /* LaunchScreen.storyboard in Resources */,
				39C8C8BA211CA02E00ED7719 /* Assets.xcassets in Resources */,
				39C8C8B8211CA02D00ED7719 /* Main.storyboard in Resources */,
			);
			runOnlyForDeploymentPostprocessing = 0;
		};
/* End PBXResourcesBuildPhase section */

/* Begin PBXSourcesBuildPhase section */
		39C8C8AB211CA02D00ED7719 /* Sources */ = {
			isa = PBXSourcesBuildPhase;
			buildActionMask = 2147483647;
			files = (
				39C8C8D1211CBF6300ED7719 /* EntryController.swift in Sources */,
				39C8C8CE211CBDE700ED7719 /* Entry.swift in Sources */,
				39C8C8C9211CBB3E00ED7719 /* EntryTableViewCell.swift in Sources */,
				39C8C8C7211CB98100ED7719 /* EntriesTableViewController.swift in Sources */,
				39C8C8CC211CBC9F00ED7719 /* EntryDetailViewController.swift in Sources */,
				39C8C8B3211CA02D00ED7719 /* AppDelegate.swift in Sources */,
			);
			runOnlyForDeploymentPostprocessing = 0;
		};
/* End PBXSourcesBuildPhase section */

/* Begin PBXVariantGroup section */
		39C8C8B6211CA02D00ED7719 /* Main.storyboard */ = {
			isa = PBXVariantGroup;
			children = (
				39C8C8B7211CA02D00ED7719 /* Base */,
			);
			name = Main.storyboard;
			sourceTree = "<group>";
		};
		39C8C8BB211CA02E00ED7719 /* LaunchScreen.storyboard */ = {
			isa = PBXVariantGroup;
			children = (
				39C8C8BC211CA02E00ED7719 /* Base */,
			);
			name = LaunchScreen.storyboard;
			sourceTree = "<group>";
		};
/* End PBXVariantGroup section */

/* Begin XCBuildConfiguration section */
		39C8C8BF211CA02E00ED7719 /* Debug */ = {
			isa = XCBuildConfiguration;
			buildSettings = {
				ALWAYS_SEARCH_USER_PATHS = NO;
				CLANG_ANALYZER_NONNULL = YES;
				CLANG_ANALYZER_NUMBER_OBJECT_CONVERSION = YES_AGGRESSIVE;
				CLANG_CXX_LANGUAGE_STANDARD = "gnu++14";
				CLANG_CXX_LIBRARY = "libc++";
				CLANG_ENABLE_MODULES = YES;
				CLANG_ENABLE_OBJC_ARC = YES;
				CLANG_ENABLE_OBJC_WEAK = YES;
				CLANG_WARN_BLOCK_CAPTURE_AUTORELEASING = YES;
				CLANG_WARN_BOOL_CONVERSION = YES;
				CLANG_WARN_COMMA = YES;
				CLANG_WARN_CONSTANT_CONVERSION = YES;
				CLANG_WARN_DEPRECATED_OBJC_IMPLEMENTATIONS = YES;
				CLANG_WARN_DIRECT_OBJC_ISA_USAGE = YES_ERROR;
				CLANG_WARN_DOCUMENTATION_COMMENTS = YES;
				CLANG_WARN_EMPTY_BODY = YES;
				CLANG_WARN_ENUM_CONVERSION = YES;
				CLANG_WARN_INFINITE_RECURSION = YES;
				CLANG_WARN_INT_CONVERSION = YES;
				CLANG_WARN_NON_LITERAL_NULL_CONVERSION = YES;
				CLANG_WARN_OBJC_IMPLICIT_RETAIN_SELF = YES;
				CLANG_WARN_OBJC_LITERAL_CONVERSION = YES;
				CLANG_WARN_OBJC_ROOT_CLASS = YES_ERROR;
				CLANG_WARN_RANGE_LOOP_ANALYSIS = YES;
				CLANG_WARN_STRICT_PROTOTYPES = YES;
				CLANG_WARN_SUSPICIOUS_MOVE = YES;
				CLANG_WARN_UNGUARDED_AVAILABILITY = YES_AGGRESSIVE;
				CLANG_WARN_UNREACHABLE_CODE = YES;
				CLANG_WARN__DUPLICATE_METHOD_MATCH = YES;
				CODE_SIGN_IDENTITY = "iPhone Developer";
				COPY_PHASE_STRIP = NO;
				DEBUG_INFORMATION_FORMAT = dwarf;
				ENABLE_STRICT_OBJC_MSGSEND = YES;
				ENABLE_TESTABILITY = YES;
				GCC_C_LANGUAGE_STANDARD = gnu11;
				GCC_DYNAMIC_NO_PIC = NO;
				GCC_NO_COMMON_BLOCKS = YES;
				GCC_OPTIMIZATION_LEVEL = 0;
				GCC_PREPROCESSOR_DEFINITIONS = (
					"DEBUG=1",
					"$(inherited)",
				);
				GCC_WARN_64_TO_32_BIT_CONVERSION = YES;
				GCC_WARN_ABOUT_RETURN_TYPE = YES_ERROR;
				GCC_WARN_UNDECLARED_SELECTOR = YES;
				GCC_WARN_UNINITIALIZED_AUTOS = YES_AGGRESSIVE;
				GCC_WARN_UNUSED_FUNCTION = YES;
				GCC_WARN_UNUSED_VARIABLE = YES;
				IPHONEOS_DEPLOYMENT_TARGET = 11.4;
				MTL_ENABLE_DEBUG_INFO = YES;
				ONLY_ACTIVE_ARCH = YES;
				SDKROOT = iphoneos;
				SWIFT_ACTIVE_COMPILATION_CONDITIONS = DEBUG;
				SWIFT_OPTIMIZATION_LEVEL = "-Onone";
			};
			name = Debug;
		};
		39C8C8C0211CA02E00ED7719 /* Release */ = {
			isa = XCBuildConfiguration;
			buildSettings = {
				ALWAYS_SEARCH_USER_PATHS = NO;
				CLANG_ANALYZER_NONNULL = YES;
				CLANG_ANALYZER_NUMBER_OBJECT_CONVERSION = YES_AGGRESSIVE;
				CLANG_CXX_LANGUAGE_STANDARD = "gnu++14";
				CLANG_CXX_LIBRARY = "libc++";
				CLANG_ENABLE_MODULES = YES;
				CLANG_ENABLE_OBJC_ARC = YES;
				CLANG_ENABLE_OBJC_WEAK = YES;
				CLANG_WARN_BLOCK_CAPTURE_AUTORELEASING = YES;
				CLANG_WARN_BOOL_CONVERSION = YES;
				CLANG_WARN_COMMA = YES;
				CLANG_WARN_CONSTANT_CONVERSION = YES;
				CLANG_WARN_DEPRECATED_OBJC_IMPLEMENTATIONS = YES;
				CLANG_WARN_DIRECT_OBJC_ISA_USAGE = YES_ERROR;
				CLANG_WARN_DOCUMENTATION_COMMENTS = YES;
				CLANG_WARN_EMPTY_BODY = YES;
				CLANG_WARN_ENUM_CONVERSION = YES;
				CLANG_WARN_INFINITE_RECURSION = YES;
				CLANG_WARN_INT_CONVERSION = YES;
				CLANG_WARN_NON_LITERAL_NULL_CONVERSION = YES;
				CLANG_WARN_OBJC_IMPLICIT_RETAIN_SELF = YES;
				CLANG_WARN_OBJC_LITERAL_CONVERSION = YES;
				CLANG_WARN_OBJC_ROOT_CLASS = YES_ERROR;
				CLANG_WARN_RANGE_LOOP_ANALYSIS = YES;
				CLANG_WARN_STRICT_PROTOTYPES = YES;
				CLANG_WARN_SUSPICIOUS_MOVE = YES;
				CLANG_WARN_UNGUARDED_AVAILABILITY = YES_AGGRESSIVE;
				CLANG_WARN_UNREACHABLE_CODE = YES;
				CLANG_WARN__DUPLICATE_METHOD_MATCH = YES;
				CODE_SIGN_IDENTITY = "iPhone Developer";
				COPY_PHASE_STRIP = NO;
				DEBUG_INFORMATION_FORMAT = "dwarf-with-dsym";
				ENABLE_NS_ASSERTIONS = NO;
				ENABLE_STRICT_OBJC_MSGSEND = YES;
				GCC_C_LANGUAGE_STANDARD = gnu11;
				GCC_NO_COMMON_BLOCKS = YES;
				GCC_WARN_64_TO_32_BIT_CONVERSION = YES;
				GCC_WARN_ABOUT_RETURN_TYPE = YES_ERROR;
				GCC_WARN_UNDECLARED_SELECTOR = YES;
				GCC_WARN_UNINITIALIZED_AUTOS = YES_AGGRESSIVE;
				GCC_WARN_UNUSED_FUNCTION = YES;
				GCC_WARN_UNUSED_VARIABLE = YES;
				IPHONEOS_DEPLOYMENT_TARGET = 11.4;
				MTL_ENABLE_DEBUG_INFO = NO;
				SDKROOT = iphoneos;
				SWIFT_COMPILATION_MODE = wholemodule;
				SWIFT_OPTIMIZATION_LEVEL = "-O";
				VALIDATE_PRODUCT = YES;
			};
			name = Release;
		};
		39C8C8C2211CA02E00ED7719 /* Debug */ = {
			isa = XCBuildConfiguration;
			buildSettings = {
				ASSETCATALOG_COMPILER_APPICON_NAME = AppIcon;
				CODE_SIGN_STYLE = Automatic;
				DEVELOPMENT_TEAM = 39ZVY2XGME;
				INFOPLIST_FILE = Journal/Info.plist;
				LD_RUNPATH_SEARCH_PATHS = (
					"$(inherited)",
					"@executable_path/Frameworks",
				);
				PRODUCT_BUNDLE_IDENTIFIER = com.linhbouniol.Journal;
				PRODUCT_NAME = "$(TARGET_NAME)";
				SWIFT_VERSION = 4.0;
				TARGETED_DEVICE_FAMILY = "1,2";
			};
			name = Debug;
		};
		39C8C8C3211CA02E00ED7719 /* Release */ = {
			isa = XCBuildConfiguration;
			buildSettings = {
				ASSETCATALOG_COMPILER_APPICON_NAME = AppIcon;
				CODE_SIGN_STYLE = Automatic;
				DEVELOPMENT_TEAM = 39ZVY2XGME;
				INFOPLIST_FILE = Journal/Info.plist;
				LD_RUNPATH_SEARCH_PATHS = (
					"$(inherited)",
					"@executable_path/Frameworks",
				);
				PRODUCT_BUNDLE_IDENTIFIER = com.linhbouniol.Journal;
				PRODUCT_NAME = "$(TARGET_NAME)";
				SWIFT_VERSION = 4.0;
				TARGETED_DEVICE_FAMILY = "1,2";
			};
			name = Release;
		};
/* End XCBuildConfiguration section */

/* Begin XCConfigurationList section */
		39C8C8AA211CA02D00ED7719 /* Build configuration list for PBXProject "Journal" */ = {
			isa = XCConfigurationList;
			buildConfigurations = (
				39C8C8BF211CA02E00ED7719 /* Debug */,
				39C8C8C0211CA02E00ED7719 /* Release */,
			);
			defaultConfigurationIsVisible = 0;
			defaultConfigurationName = Release;
		};
		39C8C8C1211CA02E00ED7719 /* Build configuration list for PBXNativeTarget "Journal" */ = {
			isa = XCConfigurationList;
			buildConfigurations = (
				39C8C8C2211CA02E00ED7719 /* Debug */,
				39C8C8C3211CA02E00ED7719 /* Release */,
			);
			defaultConfigurationIsVisible = 0;
			defaultConfigurationName = Release;
		};
/* End XCConfigurationList section */
	};
	rootObject = 39C8C8A7211CA02D00ED7719 /* Project object */;
}
