// !$*UTF8*$!
{
	archiveVersion = 1;
	classes = {
	};
	objectVersion = 50;
	objects = {

/* Begin PBXBuildFile section */
		A2ACCCE221FA7661006D6026 /* AppDelegate.swift in Sources */ = {isa = PBXBuildFile; fileRef = A2ACCCE121FA7661006D6026 /* AppDelegate.swift */; };
		A2ACCCE721FA7661006D6026 /* Main.storyboard in Resources */ = {isa = PBXBuildFile; fileRef = A2ACCCE521FA7661006D6026 /* Main.storyboard */; };
		A2ACCCE921FA7662006D6026 /* Assets.xcassets in Resources */ = {isa = PBXBuildFile; fileRef = A2ACCCE821FA7662006D6026 /* Assets.xcassets */; };
		A2ACCCEC21FA7662006D6026 /* LaunchScreen.storyboard in Resources */ = {isa = PBXBuildFile; fileRef = A2ACCCEA21FA7662006D6026 /* LaunchScreen.storyboard */; };
		A2ACCCF421FA7A7B006D6026 /* EntriesTableViewController.swift in Sources */ = {isa = PBXBuildFile; fileRef = A2ACCCF321FA7A7B006D6026 /* EntriesTableViewController.swift */; };
		A2ACCCF721FA8270006D6026 /* EntryTableViewCell.swift in Sources */ = {isa = PBXBuildFile; fileRef = A2ACCCF621FA8270006D6026 /* EntryTableViewCell.swift */; };
		A2ACCCF921FA878C006D6026 /* EntryDetailViewController.swift in Sources */ = {isa = PBXBuildFile; fileRef = A2ACCCF821FA878C006D6026 /* EntryDetailViewController.swift */; };
		A2ACCCFB21FA884F006D6026 /* Entry.swift in Sources */ = {isa = PBXBuildFile; fileRef = A2ACCCFA21FA884F006D6026 /* Entry.swift */; };
/* End PBXBuildFile section */

/* Begin PBXFileReference section */
		A2ACCCDE21FA7661006D6026 /* Journal.app */ = {isa = PBXFileReference; explicitFileType = wrapper.application; includeInIndex = 0; path = Journal.app; sourceTree = BUILT_PRODUCTS_DIR; };
		A2ACCCE121FA7661006D6026 /* AppDelegate.swift */ = {isa = PBXFileReference; lastKnownFileType = sourcecode.swift; path = AppDelegate.swift; sourceTree = "<group>"; };
		A2ACCCE621FA7661006D6026 /* Base */ = {isa = PBXFileReference; lastKnownFileType = file.storyboard; name = Base; path = Base.lproj/Main.storyboard; sourceTree = "<group>"; };
		A2ACCCE821FA7662006D6026 /* Assets.xcassets */ = {isa = PBXFileReference; lastKnownFileType = folder.assetcatalog; path = Assets.xcassets; sourceTree = "<group>"; };
		A2ACCCEB21FA7662006D6026 /* Base */ = {isa = PBXFileReference; lastKnownFileType = file.storyboard; name = Base; path = Base.lproj/LaunchScreen.storyboard; sourceTree = "<group>"; };
		A2ACCCED21FA7662006D6026 /* Info.plist */ = {isa = PBXFileReference; lastKnownFileType = text.plist.xml; path = Info.plist; sourceTree = "<group>"; };
		A2ACCCF321FA7A7B006D6026 /* EntriesTableViewController.swift */ = {isa = PBXFileReference; lastKnownFileType = sourcecode.swift; path = EntriesTableViewController.swift; sourceTree = "<group>"; };
		A2ACCCF621FA8270006D6026 /* EntryTableViewCell.swift */ = {isa = PBXFileReference; lastKnownFileType = sourcecode.swift; path = EntryTableViewCell.swift; sourceTree = "<group>"; };
		A2ACCCF821FA878C006D6026 /* EntryDetailViewController.swift */ = {isa = PBXFileReference; lastKnownFileType = sourcecode.swift; path = EntryDetailViewController.swift; sourceTree = "<group>"; };
		A2ACCCFA21FA884F006D6026 /* Entry.swift */ = {isa = PBXFileReference; lastKnownFileType = sourcecode.swift; path = Entry.swift; sourceTree = "<group>"; };
/* End PBXFileReference section */

/* Begin PBXFrameworksBuildPhase section */
		A2ACCCDB21FA7661006D6026 /* Frameworks */ = {
			isa = PBXFrameworksBuildPhase;
			buildActionMask = 2147483647;
			files = (
			);
			runOnlyForDeploymentPostprocessing = 0;
		};
/* End PBXFrameworksBuildPhase section */

/* Begin PBXGroup section */
		A2ACCCD521FA7661006D6026 = {
			isa = PBXGroup;
			children = (
				A2ACCCE021FA7661006D6026 /* Journal */,
				A2ACCCDF21FA7661006D6026 /* Products */,
			);
			sourceTree = "<group>";
		};
		A2ACCCDF21FA7661006D6026 /* Products */ = {
			isa = PBXGroup;
			children = (
				A2ACCCDE21FA7661006D6026 /* Journal.app */,
			);
			name = Products;
			sourceTree = "<group>";
		};
		A2ACCCE021FA7661006D6026 /* Journal */ = {
			isa = PBXGroup;
			children = (
				A2ACCCE121FA7661006D6026 /* AppDelegate.swift */,
				A2ACCCE521FA7661006D6026 /* Main.storyboard */,
				A2ACCCE821FA7662006D6026 /* Assets.xcassets */,
				A2ACCCEA21FA7662006D6026 /* LaunchScreen.storyboard */,
				A2ACCCED21FA7662006D6026 /* Info.plist */,
				A2ACCCFC21FA8853006D6026 /* Models */,
				A2ACCCF521FA7A7F006D6026 /* Views */,
			);
			path = Journal;
			sourceTree = "<group>";
		};
		A2ACCCF521FA7A7F006D6026 /* Views */ = {
			isa = PBXGroup;
			children = (
				A2ACCCF321FA7A7B006D6026 /* EntriesTableViewController.swift */,
				A2ACCCF621FA8270006D6026 /* EntryTableViewCell.swift */,
				A2ACCCF821FA878C006D6026 /* EntryDetailViewController.swift */,
			);
			path = Views;
			sourceTree = "<group>";
		};
		A2ACCCFC21FA8853006D6026 /* Models */ = {
			isa = PBXGroup;
			children = (
				A2ACCCFA21FA884F006D6026 /* Entry.swift */,
			);
			path = Models;
			sourceTree = "<group>";
		};
/* End PBXGroup section */

/* Begin PBXNativeTarget section */
		A2ACCCDD21FA7661006D6026 /* Journal */ = {
			isa = PBXNativeTarget;
			buildConfigurationList = A2ACCCF021FA7662006D6026 /* Build configuration list for PBXNativeTarget "Journal" */;
			buildPhases = (
				A2ACCCDA21FA7661006D6026 /* Sources */,
				A2ACCCDB21FA7661006D6026 /* Frameworks */,
				A2ACCCDC21FA7661006D6026 /* Resources */,
			);
			buildRules = (
			);
			dependencies = (
			);
			name = Journal;
			productName = Journal;
			productReference = A2ACCCDE21FA7661006D6026 /* Journal.app */;
			productType = "com.apple.product-type.application";
		};
/* End PBXNativeTarget section */

/* Begin PBXProject section */
		A2ACCCD621FA7661006D6026 /* Project object */ = {
			isa = PBXProject;
			attributes = {
				LastSwiftUpdateCheck = 1010;
				LastUpgradeCheck = 1010;
				ORGANIZATIONNAME = "Angel Buenrostro";
				TargetAttributes = {
					A2ACCCDD21FA7661006D6026 = {
						CreatedOnToolsVersion = 10.1;
					};
				};
			};
			buildConfigurationList = A2ACCCD921FA7661006D6026 /* Build configuration list for PBXProject "Journal" */;
			compatibilityVersion = "Xcode 9.3";
			developmentRegion = en;
			hasScannedForEncodings = 0;
			knownRegions = (
				en,
				Base,
			);
			mainGroup = A2ACCCD521FA7661006D6026;
			productRefGroup = A2ACCCDF21FA7661006D6026 /* Products */;
			projectDirPath = "";
			projectRoot = "";
			targets = (
				A2ACCCDD21FA7661006D6026 /* Journal */,
			);
		};
/* End PBXProject section */

/* Begin PBXResourcesBuildPhase section */
		A2ACCCDC21FA7661006D6026 /* Resources */ = {
			isa = PBXResourcesBuildPhase;
			buildActionMask = 2147483647;
			files = (
				A2ACCCEC21FA7662006D6026 /* LaunchScreen.storyboard in Resources */,
				A2ACCCE921FA7662006D6026 /* Assets.xcassets in Resources */,
				A2ACCCE721FA7661006D6026 /* Main.storyboard in Resources */,
			);
			runOnlyForDeploymentPostprocessing = 0;
		};
/* End PBXResourcesBuildPhase section */

/* Begin PBXSourcesBuildPhase section */
		A2ACCCDA21FA7661006D6026 /* Sources */ = {
			isa = PBXSourcesBuildPhase;
			buildActionMask = 2147483647;
			files = (
				A2ACCCFB21FA884F006D6026 /* Entry.swift in Sources */,
				A2ACCCF721FA8270006D6026 /* EntryTableViewCell.swift in Sources */,
				A2ACCCF421FA7A7B006D6026 /* EntriesTableViewController.swift in Sources */,
				A2ACCCF921FA878C006D6026 /* EntryDetailViewController.swift in Sources */,
				A2ACCCE221FA7661006D6026 /* AppDelegate.swift in Sources */,
			);
			runOnlyForDeploymentPostprocessing = 0;
		};
/* End PBXSourcesBuildPhase section */

/* Begin PBXVariantGroup section */
		A2ACCCE521FA7661006D6026 /* Main.storyboard */ = {
			isa = PBXVariantGroup;
			children = (
				A2ACCCE621FA7661006D6026 /* Base */,
			);
			name = Main.storyboard;
			sourceTree = "<group>";
		};
		A2ACCCEA21FA7662006D6026 /* LaunchScreen.storyboard */ = {
			isa = PBXVariantGroup;
			children = (
				A2ACCCEB21FA7662006D6026 /* Base */,
			);
			name = LaunchScreen.storyboard;
			sourceTree = "<group>";
		};
/* End PBXVariantGroup section */

/* Begin XCBuildConfiguration section */
		A2ACCCEE21FA7662006D6026 /* Debug */ = {
			isa = XCBuildConfiguration;
			buildSettings = {
				ALWAYS_SEARCH_USER_PATHS = NO;
				CLANG_ANALYZER_NONNULL = YES;
				CLANG_ANALYZER_NUMBER_OBJECT_CONVERSION = YES_AGGRESSIVE;
				CLANG_CXX_LANGUAGE_STANDARD = "gnu++14";
				CLANG_CXX_LIBRARY = "libc++";
				CLANG_ENABLE_MODULES = YES;
				CLANG_ENABLE_OBJC_ARC = YES;
				CLANG_ENABLE_OBJC_WEAK = YES;
				CLANG_WARN_BLOCK_CAPTURE_AUTORELEASING = YES;
				CLANG_WARN_BOOL_CONVERSION = YES;
				CLANG_WARN_COMMA = YES;
				CLANG_WARN_CONSTANT_CONVERSION = YES;
				CLANG_WARN_DEPRECATED_OBJC_IMPLEMENTATIONS = YES;
				CLANG_WARN_DIRECT_OBJC_ISA_USAGE = YES_ERROR;
				CLANG_WARN_DOCUMENTATION_COMMENTS = YES;
				CLANG_WARN_EMPTY_BODY = YES;
				CLANG_WARN_ENUM_CONVERSION = YES;
				CLANG_WARN_INFINITE_RECURSION = YES;
				CLANG_WARN_INT_CONVERSION = YES;
				CLANG_WARN_NON_LITERAL_NULL_CONVERSION = YES;
				CLANG_WARN_OBJC_IMPLICIT_RETAIN_SELF = YES;
				CLANG_WARN_OBJC_LITERAL_CONVERSION = YES;
				CLANG_WARN_OBJC_ROOT_CLASS = YES_ERROR;
				CLANG_WARN_RANGE_LOOP_ANALYSIS = YES;
				CLANG_WARN_STRICT_PROTOTYPES = YES;
				CLANG_WARN_SUSPICIOUS_MOVE = YES;
				CLANG_WARN_UNGUARDED_AVAILABILITY = YES_AGGRESSIVE;
				CLANG_WARN_UNREACHABLE_CODE = YES;
				CLANG_WARN__DUPLICATE_METHOD_MATCH = YES;
				CODE_SIGN_IDENTITY = "iPhone Developer";
				COPY_PHASE_STRIP = NO;
				DEBUG_INFORMATION_FORMAT = dwarf;
				ENABLE_STRICT_OBJC_MSGSEND = YES;
				ENABLE_TESTABILITY = YES;
				GCC_C_LANGUAGE_STANDARD = gnu11;
				GCC_DYNAMIC_NO_PIC = NO;
				GCC_NO_COMMON_BLOCKS = YES;
				GCC_OPTIMIZATION_LEVEL = 0;
				GCC_PREPROCESSOR_DEFINITIONS = (
					"DEBUG=1",
					"$(inherited)",
				);
				GCC_WARN_64_TO_32_BIT_CONVERSION = YES;
				GCC_WARN_ABOUT_RETURN_TYPE = YES_ERROR;
				GCC_WARN_UNDECLARED_SELECTOR = YES;
				GCC_WARN_UNINITIALIZED_AUTOS = YES_AGGRESSIVE;
				GCC_WARN_UNUSED_FUNCTION = YES;
				GCC_WARN_UNUSED_VARIABLE = YES;
				IPHONEOS_DEPLOYMENT_TARGET = 12.1;
				MTL_ENABLE_DEBUG_INFO = INCLUDE_SOURCE;
				MTL_FAST_MATH = YES;
				ONLY_ACTIVE_ARCH = YES;
				SDKROOT = iphoneos;
				SWIFT_ACTIVE_COMPILATION_CONDITIONS = DEBUG;
				SWIFT_OPTIMIZATION_LEVEL = "-Onone";
			};
			name = Debug;
		};
		A2ACCCEF21FA7662006D6026 /* Release */ = {
			isa = XCBuildConfiguration;
			buildSettings = {
				ALWAYS_SEARCH_USER_PATHS = NO;
				CLANG_ANALYZER_NONNULL = YES;
				CLANG_ANALYZER_NUMBER_OBJECT_CONVERSION = YES_AGGRESSIVE;
				CLANG_CXX_LANGUAGE_STANDARD = "gnu++14";
				CLANG_CXX_LIBRARY = "libc++";
				CLANG_ENABLE_MODULES = YES;
				CLANG_ENABLE_OBJC_ARC = YES;
				CLANG_ENABLE_OBJC_WEAK = YES;
				CLANG_WARN_BLOCK_CAPTURE_AUTORELEASING = YES;
				CLANG_WARN_BOOL_CONVERSION = YES;
				CLANG_WARN_COMMA = YES;
				CLANG_WARN_CONSTANT_CONVERSION = YES;
				CLANG_WARN_DEPRECATED_OBJC_IMPLEMENTATIONS = YES;
				CLANG_WARN_DIRECT_OBJC_ISA_USAGE = YES_ERROR;
				CLANG_WARN_DOCUMENTATION_COMMENTS = YES;
				CLANG_WARN_EMPTY_BODY = YES;
				CLANG_WARN_ENUM_CONVERSION = YES;
				CLANG_WARN_INFINITE_RECURSION = YES;
				CLANG_WARN_INT_CONVERSION = YES;
				CLANG_WARN_NON_LITERAL_NULL_CONVERSION = YES;
				CLANG_WARN_OBJC_IMPLICIT_RETAIN_SELF = YES;
				CLANG_WARN_OBJC_LITERAL_CONVERSION = YES;
				CLANG_WARN_OBJC_ROOT_CLASS = YES_ERROR;
				CLANG_WARN_RANGE_LOOP_ANALYSIS = YES;
				CLANG_WARN_STRICT_PROTOTYPES = YES;
				CLANG_WARN_SUSPICIOUS_MOVE = YES;
				CLANG_WARN_UNGUARDED_AVAILABILITY = YES_AGGRESSIVE;
				CLANG_WARN_UNREACHABLE_CODE = YES;
				CLANG_WARN__DUPLICATE_METHOD_MATCH = YES;
				CODE_SIGN_IDENTITY = "iPhone Developer";
				COPY_PHASE_STRIP = NO;
				DEBUG_INFORMATION_FORMAT = "dwarf-with-dsym";
				ENABLE_NS_ASSERTIONS = NO;
				ENABLE_STRICT_OBJC_MSGSEND = YES;
				GCC_C_LANGUAGE_STANDARD = gnu11;
				GCC_NO_COMMON_BLOCKS = YES;
				GCC_WARN_64_TO_32_BIT_CONVERSION = YES;
				GCC_WARN_ABOUT_RETURN_TYPE = YES_ERROR;
				GCC_WARN_UNDECLARED_SELECTOR = YES;
				GCC_WARN_UNINITIALIZED_AUTOS = YES_AGGRESSIVE;
				GCC_WARN_UNUSED_FUNCTION = YES;
				GCC_WARN_UNUSED_VARIABLE = YES;
				IPHONEOS_DEPLOYMENT_TARGET = 12.1;
				MTL_ENABLE_DEBUG_INFO = NO;
				MTL_FAST_MATH = YES;
				SDKROOT = iphoneos;
				SWIFT_COMPILATION_MODE = wholemodule;
				SWIFT_OPTIMIZATION_LEVEL = "-O";
				VALIDATE_PRODUCT = YES;
			};
			name = Release;
		};
		A2ACCCF121FA7662006D6026 /* Debug */ = {
			isa = XCBuildConfiguration;
			buildSettings = {
				ASSETCATALOG_COMPILER_APPICON_NAME = AppIcon;
				CODE_SIGN_STYLE = Automatic;
				DEVELOPMENT_TEAM = HEVSJ2C5DD;
				INFOPLIST_FILE = Journal/Info.plist;
				LD_RUNPATH_SEARCH_PATHS = (
					"$(inherited)",
					"@executable_path/Frameworks",
				);
				PRODUCT_BUNDLE_IDENTIFIER = angel.Journal;
				PRODUCT_NAME = "$(TARGET_NAME)";
				SWIFT_VERSION = 4.2;
				TARGETED_DEVICE_FAMILY = "1,2";
			};
			name = Debug;
		};
		A2ACCCF221FA7662006D6026 /* Release */ = {
			isa = XCBuildConfiguration;
			buildSettings = {
				ASSETCATALOG_COMPILER_APPICON_NAME = AppIcon;
				CODE_SIGN_STYLE = Automatic;
				DEVELOPMENT_TEAM = HEVSJ2C5DD;
				INFOPLIST_FILE = Journal/Info.plist;
				LD_RUNPATH_SEARCH_PATHS = (
					"$(inherited)",
					"@executable_path/Frameworks",
				);
				PRODUCT_BUNDLE_IDENTIFIER = angel.Journal;
				PRODUCT_NAME = "$(TARGET_NAME)";
				SWIFT_VERSION = 4.2;
				TARGETED_DEVICE_FAMILY = "1,2";
			};
			name = Release;
		};
/* End XCBuildConfiguration section */

/* Begin XCConfigurationList section */
		A2ACCCD921FA7661006D6026 /* Build configuration list for PBXProject "Journal" */ = {
			isa = XCConfigurationList;
			buildConfigurations = (
				A2ACCCEE21FA7662006D6026 /* Debug */,
				A2ACCCEF21FA7662006D6026 /* Release */,
			);
			defaultConfigurationIsVisible = 0;
			defaultConfigurationName = Release;
		};
		A2ACCCF021FA7662006D6026 /* Build configuration list for PBXNativeTarget "Journal" */ = {
			isa = XCConfigurationList;
			buildConfigurations = (
				A2ACCCF121FA7662006D6026 /* Debug */,
				A2ACCCF221FA7662006D6026 /* Release */,
			);
			defaultConfigurationIsVisible = 0;
			defaultConfigurationName = Release;
		};
/* End XCConfigurationList section */
	};
	rootObject = A2ACCCD621FA7661006D6026 /* Project object */;
}
